// !$*UTF8*$!
{
	archiveVersion = 1;
	classes = {
	};
	objectVersion = 50;
	objects = {

/* Begin PBXBuildFile section */
		FFB337D225304DC9005A37D8 /* AppDelegate.swift in Sources */ = {isa = PBXBuildFile; fileRef = FFB337D125304DC9005A37D8 /* AppDelegate.swift */; };
		FFB337D425304DC9005A37D8 /* SceneDelegate.swift in Sources */ = {isa = PBXBuildFile; fileRef = FFB337D325304DC9005A37D8 /* SceneDelegate.swift */; };
		FFB337D625304DC9005A37D8 /* ViewController.swift in Sources */ = {isa = PBXBuildFile; fileRef = FFB337D525304DC9005A37D8 /* ViewController.swift */; };
		FFB337D925304DC9005A37D8 /* Main.storyboard in Resources */ = {isa = PBXBuildFile; fileRef = FFB337D725304DC9005A37D8 /* Main.storyboard */; };
		FFB337DB25304DCA005A37D8 /* Assets.xcassets in Resources */ = {isa = PBXBuildFile; fileRef = FFB337DA25304DCA005A37D8 /* Assets.xcassets */; };
		FFB337DE25304DCA005A37D8 /* LaunchScreen.storyboard in Resources */ = {isa = PBXBuildFile; fileRef = FFB337DC25304DCA005A37D8 /* LaunchScreen.storyboard */; };
		FFB337E625304E17005A37D8 /* NextViewController.swift in Sources */ = {isa = PBXBuildFile; fileRef = FFB337E525304E17005A37D8 /* NextViewController.swift */; };
/* End PBXBuildFile section */

/* Begin PBXFileReference section */
		FFB337CE25304DC9005A37D8 /* tutorial3_park_chanmin.app */ = {isa = PBXFileReference; explicitFileType = wrapper.application; includeInIndex = 0; path = tutorial3_park_chanmin.app; sourceTree = BUILT_PRODUCTS_DIR; };
		FFB337D125304DC9005A37D8 /* AppDelegate.swift */ = {isa = PBXFileReference; lastKnownFileType = sourcecode.swift; path = AppDelegate.swift; sourceTree = "<group>"; };
		FFB337D325304DC9005A37D8 /* SceneDelegate.swift */ = {isa = PBXFileReference; lastKnownFileType = sourcecode.swift; path = SceneDelegate.swift; sourceTree = "<group>"; };
		FFB337D525304DC9005A37D8 /* ViewController.swift */ = {isa = PBXFileReference; lastKnownFileType = sourcecode.swift; path = ViewController.swift; sourceTree = "<group>"; };
		FFB337D825304DC9005A37D8 /* Base */ = {isa = PBXFileReference; lastKnownFileType = file.storyboard; name = Base; path = Base.lproj/Main.storyboard; sourceTree = "<group>"; };
		FFB337DA25304DCA005A37D8 /* Assets.xcassets */ = {isa = PBXFileReference; lastKnownFileType = folder.assetcatalog; path = Assets.xcassets; sourceTree = "<group>"; };
		FFB337DD25304DCA005A37D8 /* Base */ = {isa = PBXFileReference; lastKnownFileType = file.storyboard; name = Base; path = Base.lproj/LaunchScreen.storyboard; sourceTree = "<group>"; };
		FFB337DF25304DCA005A37D8 /* Info.plist */ = {isa = PBXFileReference; lastKnownFileType = text.plist.xml; path = Info.plist; sourceTree = "<group>"; };
		FFB337E525304E17005A37D8 /* NextViewController.swift */ = {isa = PBXFileReference; lastKnownFileType = sourcecode.swift; path = NextViewController.swift; sourceTree = "<group>"; };
/* End PBXFileReference section */

/* Begin PBXFrameworksBuildPhase section */
		FFB337CB25304DC9005A37D8 /* Frameworks */ = {
			isa = PBXFrameworksBuildPhase;
			buildActionMask = 2147483647;
			files = (
			);
			runOnlyForDeploymentPostprocessing = 0;
		};
/* End PBXFrameworksBuildPhase section */

/* Begin PBXGroup section */
		FFB337C525304DC9005A37D8 = {
			isa = PBXGroup;
			children = (
				FFB337D025304DC9005A37D8 /* tutorial3_park_chanmin */,
				FFB337CF25304DC9005A37D8 /* Products */,
			);
			sourceTree = "<group>";
		};
		FFB337CF25304DC9005A37D8 /* Products */ = {
			isa = PBXGroup;
			children = (
				FFB337CE25304DC9005A37D8 /* tutorial3_park_chanmin.app */,
			);
			name = Products;
			sourceTree = "<group>";
		};
		FFB337D025304DC9005A37D8 /* tutorial3_park_chanmin */ = {
			isa = PBXGroup;
			children = (
				FFB337D125304DC9005A37D8 /* AppDelegate.swift */,
				FFB337D325304DC9005A37D8 /* SceneDelegate.swift */,
				FFB337D525304DC9005A37D8 /* ViewController.swift */,
				FFB337D725304DC9005A37D8 /* Main.storyboard */,
				FFB337E525304E17005A37D8 /* NextViewController.swift */,
				FFB337DA25304DCA005A37D8 /* Assets.xcassets */,
				FFB337DC25304DCA005A37D8 /* LaunchScreen.storyboard */,
				FFB337DF25304DCA005A37D8 /* Info.plist */,
			);
			path = tutorial3_park_chanmin;
			sourceTree = "<group>";
		};
/* End PBXGroup section */

/* Begin PBXNativeTarget section */
		FFB337CD25304DC9005A37D8 /* tutorial3_park_chanmin */ = {
			isa = PBXNativeTarget;
			buildConfigurationList = FFB337E225304DCA005A37D8 /* Build configuration list for PBXNativeTarget "tutorial3_park_chanmin" */;
			buildPhases = (
				FFB337CA25304DC9005A37D8 /* Sources */,
				FFB337CB25304DC9005A37D8 /* Frameworks */,
				FFB337CC25304DC9005A37D8 /* Resources */,
			);
			buildRules = (
			);
			dependencies = (
			);
			name = tutorial3_park_chanmin;
			productName = tutorial3_park_chanmin;
			productReference = FFB337CE25304DC9005A37D8 /* tutorial3_park_chanmin.app */;
			productType = "com.apple.product-type.application";
		};
/* End PBXNativeTarget section */

/* Begin PBXProject section */
		FFB337C625304DC9005A37D8 /* Project object */ = {
			isa = PBXProject;
			attributes = {
				LastSwiftUpdateCheck = 1170;
				LastUpgradeCheck = 1170;
				TargetAttributes = {
					FFB337CD25304DC9005A37D8 = {
						CreatedOnToolsVersion = 11.7;
					};
				};
			};
			buildConfigurationList = FFB337C925304DC9005A37D8 /* Build configuration list for PBXProject "tutorial3_park_chanmin" */;
			compatibilityVersion = "Xcode 9.3";
			developmentRegion = en;
			hasScannedForEncodings = 0;
			knownRegions = (
				en,
				Base,
			);
			mainGroup = FFB337C525304DC9005A37D8;
			productRefGroup = FFB337CF25304DC9005A37D8 /* Products */;
			projectDirPath = "";
			projectRoot = "";
			targets = (
				FFB337CD25304DC9005A37D8 /* tutorial3_park_chanmin */,
			);
		};
/* End PBXProject section */

/* Begin PBXResourcesBuildPhase section */
		FFB337CC25304DC9005A37D8 /* Resources */ = {
			isa = PBXResourcesBuildPhase;
			buildActionMask = 2147483647;
			files = (
				FFB337DE25304DCA005A37D8 /* LaunchScreen.storyboard in Resources */,
				FFB337DB25304DCA005A37D8 /* Assets.xcassets in Resources */,
				FFB337D925304DC9005A37D8 /* Main.storyboard in Resources */,
			);
			runOnlyForDeploymentPostprocessing = 0;
		};
/* End PBXResourcesBuildPhase section */

/* Begin PBXSourcesBuildPhase section */
		FFB337CA25304DC9005A37D8 /* Sources */ = {
			isa = PBXSourcesBuildPhase;
			buildActionMask = 2147483647;
			files = (
				FFB337D625304DC9005A37D8 /* ViewController.swift in Sources */,
				FFB337E625304E17005A37D8 /* NextViewController.swift in Sources */,
				FFB337D225304DC9005A37D8 /* AppDelegate.swift in Sources */,
				FFB337D425304DC9005A37D8 /* SceneDelegate.swift in Sources */,
			);
			runOnlyForDeploymentPostprocessing = 0;
		};
/* End PBXSourcesBuildPhase section */

/* Begin PBXVariantGroup section */
		FFB337D725304DC9005A37D8 /* Main.storyboard */ = {
			isa = PBXVariantGroup;
			children = (
				FFB337D825304DC9005A37D8 /* Base */,
			);
			name = Main.storyboard;
			sourceTree = "<group>";
		};
		FFB337DC25304DCA005A37D8 /* LaunchScreen.storyboard */ = {
			isa = PBXVariantGroup;
			children = (
				FFB337DD25304DCA005A37D8 /* Base */,
			);
			name = LaunchScreen.storyboard;
			sourceTree = "<group>";
		};
/* End PBXVariantGroup section */

/* Begin XCBuildConfiguration section */
		FFB337E025304DCA005A37D8 /* Debug */ = {
			isa = XCBuildConfiguration;
			buildSettings = {
				ALWAYS_SEARCH_USER_PATHS = NO;
				CLANG_ANALYZER_NONNULL = YES;
				CLANG_ANALYZER_NUMBER_OBJECT_CONVERSION = YES_AGGRESSIVE;
				CLANG_CXX_LANGUAGE_STANDARD = "gnu++14";
				CLANG_CXX_LIBRARY = "libc++";
				CLANG_ENABLE_MODULES = YES;
				CLANG_ENABLE_OBJC_ARC = YES;
				CLANG_ENABLE_OBJC_WEAK = YES;
				CLANG_WARN_BLOCK_CAPTURE_AUTORELEASING = YES;
				CLANG_WARN_BOOL_CONVERSION = YES;
				CLANG_WARN_COMMA = YES;
				CLANG_WARN_CONSTANT_CONVERSION = YES;
				CLANG_WARN_DEPRECATED_OBJC_IMPLEMENTATIONS = YES;
				CLANG_WARN_DIRECT_OBJC_ISA_USAGE = YES_ERROR;
				CLANG_WARN_DOCUMENTATION_COMMENTS = YES;
				CLANG_WARN_EMPTY_BODY = YES;
				CLANG_WARN_ENUM_CONVERSION = YES;
				CLANG_WARN_INFINITE_RECURSION = YES;
				CLANG_WARN_INT_CONVERSION = YES;
				CLANG_WARN_NON_LITERAL_NULL_CONVERSION = YES;
				CLANG_WARN_OBJC_IMPLICIT_RETAIN_SELF = YES;
				CLANG_WARN_OBJC_LITERAL_CONVERSION = YES;
				CLANG_WARN_OBJC_ROOT_CLASS = YES_ERROR;
				CLANG_WARN_RANGE_LOOP_ANALYSIS = YES;
				CLANG_WARN_STRICT_PROTOTYPES = YES;
				CLANG_WARN_SUSPICIOUS_MOVE = YES;
				CLANG_WARN_UNGUARDED_AVAILABILITY = YES_AGGRESSIVE;
				CLANG_WARN_UNREACHABLE_CODE = YES;
				CLANG_WARN__DUPLICATE_METHOD_MATCH = YES;
				COPY_PHASE_STRIP = NO;
				DEBUG_INFORMATION_FORMAT = dwarf;
				ENABLE_STRICT_OBJC_MSGSEND = YES;
				ENABLE_TESTABILITY = YES;
				GCC_C_LANGUAGE_STANDARD = gnu11;
				GCC_DYNAMIC_NO_PIC = NO;
				GCC_NO_COMMON_BLOCKS = YES;
				GCC_OPTIMIZATION_LEVEL = 0;
				GCC_PREPROCESSOR_DEFINITIONS = (
					"DEBUG=1",
					"$(inherited)",
				);
				GCC_WARN_64_TO_32_BIT_CONVERSION = YES;
				GCC_WARN_ABOUT_RETURN_TYPE = YES_ERROR;
				GCC_WARN_UNDECLARED_SELECTOR = YES;
				GCC_WARN_UNINITIALIZED_AUTOS = YES_AGGRESSIVE;
				GCC_WARN_UNUSED_FUNCTION = YES;
				GCC_WARN_UNUSED_VARIABLE = YES;
				IPHONEOS_DEPLOYMENT_TARGET = 13.7;
				MTL_ENABLE_DEBUG_INFO = INCLUDE_SOURCE;
				MTL_FAST_MATH = YES;
				ONLY_ACTIVE_ARCH = YES;
				SDKROOT = iphoneos;
				SWIFT_ACTIVE_COMPILATION_CONDITIONS = DEBUG;
				SWIFT_OPTIMIZATION_LEVEL = "-Onone";
			};
			name = Debug;
		};
		FFB337E125304DCA005A37D8 /* Release */ = {
			isa = XCBuildConfiguration;
			buildSettings = {
				ALWAYS_SEARCH_USER_PATHS = NO;
				CLANG_ANALYZER_NONNULL = YES;
				CLANG_ANALYZER_NUMBER_OBJECT_CONVERSION = YES_AGGRESSIVE;
				CLANG_CXX_LANGUAGE_STANDARD = "gnu++14";
				CLANG_CXX_LIBRARY = "libc++";
				CLANG_ENABLE_MODULES = YES;
				CLANG_ENABLE_OBJC_ARC = YES;
				CLANG_ENABLE_OBJC_WEAK = YES;
				CLANG_WARN_BLOCK_CAPTURE_AUTORELEASING = YES;
				CLANG_WARN_BOOL_CONVERSION = YES;
				CLANG_WARN_COMMA = YES;
				CLANG_WARN_CONSTANT_CONVERSION = YES;
				CLANG_WARN_DEPRECATED_OBJC_IMPLEMENTATIONS = YES;
				CLANG_WARN_DIRECT_OBJC_ISA_USAGE = YES_ERROR;
				CLANG_WARN_DOCUMENTATION_COMMENTS = YES;
				CLANG_WARN_EMPTY_BODY = YES;
				CLANG_WARN_ENUM_CONVERSION = YES;
				CLANG_WARN_INFINITE_RECURSION = YES;
				CLANG_WARN_INT_CONVERSION = YES;
				CLANG_WARN_NON_LITERAL_NULL_CONVERSION = YES;
				CLANG_WARN_OBJC_IMPLICIT_RETAIN_SELF = YES;
				CLANG_WARN_OBJC_LITERAL_CONVERSION = YES;
				CLANG_WARN_OBJC_ROOT_CLASS = YES_ERROR;
				CLANG_WARN_RANGE_LOOP_ANALYSIS = YES;
				CLANG_WARN_STRICT_PROTOTYPES = YES;
				CLANG_WARN_SUSPICIOUS_MOVE = YES;
				CLANG_WARN_UNGUARDED_AVAILABILITY = YES_AGGRESSIVE;
				CLANG_WARN_UNREACHABLE_CODE = YES;
				CLANG_WARN__DUPLICATE_METHOD_MATCH = YES;
				COPY_PHASE_STRIP = NO;
				DEBUG_INFORMATION_FORMAT = "dwarf-with-dsym";
				ENABLE_NS_ASSERTIONS = NO;
				ENABLE_STRICT_OBJC_MSGSEND = YES;
				GCC_C_LANGUAGE_STANDARD = gnu11;
				GCC_NO_COMMON_BLOCKS = YES;
				GCC_WARN_64_TO_32_BIT_CONVERSION = YES;
				GCC_WARN_ABOUT_RETURN_TYPE = YES_ERROR;
				GCC_WARN_UNDECLARED_SELECTOR = YES;
				GCC_WARN_UNINITIALIZED_AUTOS = YES_AGGRESSIVE;
				GCC_WARN_UNUSED_FUNCTION = YES;
				GCC_WARN_UNUSED_VARIABLE = YES;
				IPHONEOS_DEPLOYMENT_TARGET = 13.7;
				MTL_ENABLE_DEBUG_INFO = NO;
				MTL_FAST_MATH = YES;
				SDKROOT = iphoneos;
				SWIFT_COMPILATION_MODE = wholemodule;
				SWIFT_OPTIMIZATION_LEVEL = "-O";
				VALIDATE_PRODUCT = YES;
			};
			name = Release;
		};
		FFB337E325304DCA005A37D8 /* Debug */ = {
			isa = XCBuildConfiguration;
			buildSettings = {
				ASSETCATALOG_COMPILER_APPICON_NAME = AppIcon;
				CODE_SIGN_STYLE = Automatic;
				INFOPLIST_FILE = tutorial3_park_chanmin/Info.plist;
				LD_RUNPATH_SEARCH_PATHS = (
					"$(inherited)",
					"@executable_path/Frameworks",
				);
				PRODUCT_BUNDLE_IDENTIFIER = "Park.tutorial3-park-chanmin";
				PRODUCT_NAME = "$(TARGET_NAME)";
				SWIFT_VERSION = 5.0;
				TARGETED_DEVICE_FAMILY = "1,2";
			};
			name = Debug;
		};
		FFB337E425304DCA005A37D8 /* Release */ = {
			isa = XCBuildConfiguration;
			buildSettings = {
				ASSETCATALOG_COMPILER_APPICON_NAME = AppIcon;
				CODE_SIGN_STYLE = Automatic;
				INFOPLIST_FILE = tutorial3_park_chanmin/Info.plist;
				LD_RUNPATH_SEARCH_PATHS = (
					"$(inherited)",
					"@executable_path/Frameworks",
				);
				PRODUCT_BUNDLE_IDENTIFIER = "Park.tutorial3-park-chanmin";
				PRODUCT_NAME = "$(TARGET_NAME)";
				SWIFT_VERSION = 5.0;
				TARGETED_DEVICE_FAMILY = "1,2";
			};
			name = Release;
		};
/* End XCBuildConfiguration section */

/* Begin XCConfigurationList section */
		FFB337C925304DC9005A37D8 /* Build configuration list for PBXProject "tutorial3_park_chanmin" */ = {
			isa = XCConfigurationList;
			buildConfigurations = (
				FFB337E025304DCA005A37D8 /* Debug */,
				FFB337E125304DCA005A37D8 /* Release */,
			);
			defaultConfigurationIsVisible = 0;
			defaultConfigurationName = Release;
		};
		FFB337E225304DCA005A37D8 /* Build configuration list for PBXNativeTarget "tutorial3_park_chanmin" */ = {
			isa = XCConfigurationList;
			buildConfigurations = (
				FFB337E325304DCA005A37D8 /* Debug */,
				FFB337E425304DCA005A37D8 /* Release */,
			);
			defaultConfigurationIsVisible = 0;
			defaultConfigurationName = Release;
		};
/* End XCConfigurationList section */
	};
	rootObject = FFB337C625304DC9005A37D8 /* Project object */;
}
